schema: '2.0'
stages:
  data_cleaning:
    cmd: python src/data/data_cleaning.py
    deps:
    - path: data/raw/swiggy.csv
      hash: md5
      md5: 55bd6cc42f2360b5de9569cf9cbd8342
      size: 7726618
    - path: src/data/data_cleaning.py
      hash: md5
      md5: 29166b06b896d27fd50c094324071c59
      size: 9542
    outs:
    - path: data/cleaned/swiggy_cleaned.csv
      hash: md5
      md5: 4918716e52fc57babdcd400dfb3c3f29
      size: 4508527
  data_preparation:
    cmd: python src/data/data_preparation.py
    deps:
    - path: data/cleaned/swiggy_cleaned.csv
      hash: md5
      md5: 4918716e52fc57babdcd400dfb3c3f29
      size: 4508527
    - path: src/data/data_preparation.py
      hash: md5
      md5: b97a07258b547e03768bab50f2f670ea
      size: 3007
    params:
      params.yaml:
        Data_Preparation.random_state: 20
        Data_Preparation.test_size: 0.2
    outs:
    - path: data/interim/test.csv
      hash: md5
      md5: 53c82378c61901aeaa4d3be188eb380e
      size: 902352
    - path: data/interim/train.csv
      hash: md5
      md5: 61cce647b2be607ff60acf651eaabb33
      size: 3603217
  data_preprocessing:
    cmd: python src/features/data_preprocessing.py
    deps:
    - path: data/interim/test.csv
      hash: md5
      md5: 53c82378c61901aeaa4d3be188eb380e
      size: 902352
    - path: data/interim/train.csv
      hash: md5
      md5: 61cce647b2be607ff60acf651eaabb33
      size: 3603217
    - path: src/features/data_preprocessing.py
      hash: md5
      md5: 6abeb3c1a7aa0919715e3e0fa3c75ae0
      size: 6944
    outs:
    - path: data/processed/test_trans.csv
      hash: md5
      md5: 1febf95deb270fa14b649256cddd164c
      size: 1084879
    - path: data/processed/train_trans.csv
      hash: md5
      md5: f00f08ec3dc5bef0cf155a89f1906e51
      size: 4333854
    - path: models/preprocessor.joblib
      hash: md5
      md5: ee0459b9f7ce8c32345fc52bd2d1e585
      size: 8189
  train:
    cmd: python src/models/train.py
    deps:
    - path: data/processed/train_trans.csv
      hash: md5
      md5: f00f08ec3dc5bef0cf155a89f1906e51
      size: 4333854
    - path: src/models/train.py
      hash: md5
      md5: 307faa863053019be9672e5a0fb06cf1
      size: 4912
    params:
      params.yaml:
        Train.LightGBM:
          n_estimators: 154
          max_depth: 27
          learning_rate: 0.22234435854395157
          subsample: 0.7592213724048168
          min_child_weight: 20
          min_split_gain: 0.004604680609280751
          reg_lambda: 97.81002379097947
          n_jobs: -1
        Train.Random_Forest:
          n_estimators: 479
          criterion: squared_error
          max_depth: 17
          max_features: 1
          min_samples_split: 9
          min_samples_leaf: 2
          max_samples: 0.6603673526197066
          verbose: 1
          n_jobs: -1
    outs:
    - path: models/model.joblib
      hash: md5
      md5: fb5818c446e8f3668915cf82978091f4
      size: 157807272
    - path: models/power_transformer.joblib
      hash: md5
      md5: b05683bfa2f7cfe1545fda0b4a73c435
      size: 837
    - path: models/stacking_regressor.joblib
      hash: md5
      md5: 6eeebe69a14b2953030aaf38b25c5508
      size: 157795738
  evaluation:
    cmd: python src/models/evaluation.py
    deps:
    - path: data/processed/test_trans.csv
      hash: md5
      md5: 1febf95deb270fa14b649256cddd164c
      size: 1084879
    - path: data/processed/train_trans.csv
      hash: md5
      md5: f00f08ec3dc5bef0cf155a89f1906e51
      size: 4333854
    - path: models/model.joblib
      hash: md5
      md5: fb5818c446e8f3668915cf82978091f4
      size: 157807272
    - path: src/models/evaluation.py
      hash: md5
      md5: f42d80f806515de5022bf7d5ea3f1241
      size: 4878
    outs:
    - path: run_information.json
      hash: md5
      md5: c8ef9d4920edb0a2cdf2a95a5c63c33f
      size: 220
  register_model:
    cmd: python src/models/register_model.py
    deps:
    - path: run_information.json
      hash: md5
      md5: c8ef9d4920edb0a2cdf2a95a5c63c33f
      size: 220
    - path: src/models/register_model.py
      hash: md5
      md5: 792885cff3e7185cb548966cfb2d5f81
      size: 2156
